
Microsoft Visual Studio Solution File, Format Version 12.00
# Visual Studio 15
VisualStudioVersion = 15.0.27130.2024
MinimumVisualStudioVersion = 10.0.40219.1
Project("{9A19103F-16F7-4668-BE54-9A1E7A4F7556}") = "Sakuno.UserInterface", "src\Sakuno.UserInterface\Sakuno.UserInterface.csproj", "{3761E9AB-973B-4162-8D75-228C07D93FCB}"
EndProject
Project("{2150E333-8FDC-42A3-9474-1A3956D46DE8}") = "Solution Items", "Solution Items", "{378976BF-06A1-4CE1-8F71-F28944165CD1}"
	ProjectSection(SolutionItems) = preProject
		README.md = README.md
	EndProjectSection
EndProject
Global
	GlobalSection(SolutionConfigurationPlatforms) = preSolution
		Debug|Any CPU = Debug|Any CPU
		Release|Any CPU = Release|Any CPU
	EndGlobalSection
	GlobalSection(ProjectConfigurationPlatforms) = postSolution
		{3761E9AB-973B-4162-8D75-228C07D93FCB}.Debug|Any CPU.ActiveCfg = Debug|Any CPU
		{3761E9AB-973B-4162-8D75-228C07D93FCB}.Debug|Any CPU.Build.0 = Debug|Any CPU
		{3761E9AB-973B-4162-8D75-228C07D93FCB}.Release|Any CPU.ActiveCfg = Release|Any CPU
		{3761E9AB-973B-4162-8D75-228C07D93FCB}.Release|Any CPU.Build.0 = Release|Any CPU
	EndGlobalSection
	GlobalSection(SolutionProperties) = preSolution
		HideSolutionNode = FALSE
	EndGlobalSection
	GlobalSection(ExtensibilityGlobals) = postSolution
		SolutionGuid = {3C5A52DC-9D7D-4589-BD5C-BD6941C7D71A}
	EndGlobalSection
EndGlobal
